
Microsoft Visual Studio Solution File, Format Version 12.00
# Visual Studio Version 17
VisualStudioVersion = 17.7.34024.191
MinimumVisualStudioVersion = 10.0.40219.1
Project("{FAE04EC0-301F-11D3-BF4B-00C04F79EFBC}") = "fractales", "fractales.csproj", "{07A57DF2-6CA6-4D78-B512-F5360786376A}"
EndProject
Global
	GlobalSection(SolutionConfigurationPlatforms) = preSolution
		Debug|Any CPU = Debug|Any CPU
		Release|Any CPU = Release|Any CPU
	EndGlobalSection
	GlobalSection(ProjectConfigurationPlatforms) = postSolution
		{07A57DF2-6CA6-4D78-B512-F5360786376A}.Debug|Any CPU.ActiveCfg = Debug|Any CPU
		{07A57DF2-6CA6-4D78-B512-F5360786376A}.Debug|Any CPU.Build.0 = Debug|Any CPU
		{07A57DF2-6CA6-4D78-B512-F5360786376A}.Release|Any CPU.ActiveCfg = Release|Any CPU
		{07A57DF2-6CA6-4D78-B512-F5360786376A}.Release|Any CPU.Build.0 = Release|Any CPU
	EndGlobalSection
	GlobalSection(SolutionProperties) = preSolution
		HideSolutionNode = FALSE
	EndGlobalSection
	GlobalSection(ExtensibilityGlobals) = postSolution
		SolutionGuid = {30A23708-4DC8-4910-9782-FD50EF70ACDE}
	EndGlobalSection
EndGlobal
