
Microsoft Visual Studio Solution File, Format Version 12.00
# Visual Studio Version 17
VisualStudioVersion = 17.7.34024.191
MinimumVisualStudioVersion = 10.0.40219.1
Project("{9A19103F-16F7-4668-BE54-9A1E7A4F7556}") = "psiproject", "psiproject.csproj", "{4C6D0C77-FCD8-4B19-A003-7FF6795777EF}"
EndProject
Project("{FAE04EC0-301F-11D3-BF4B-00C04F79EFBC}") = "TestProjectPSI", "..\TestProjectPSI\TestProjectPSI.csproj", "{5CC35E62-F47A-48DF-A1F0-C23D7075DFC8}"
EndProject
Global
	GlobalSection(SolutionConfigurationPlatforms) = preSolution
		Debug|Any CPU = Debug|Any CPU
		Release|Any CPU = Release|Any CPU
	EndGlobalSection
	GlobalSection(ProjectConfigurationPlatforms) = postSolution
		{4C6D0C77-FCD8-4B19-A003-7FF6795777EF}.Debug|Any CPU.ActiveCfg = Debug|Any CPU
		{4C6D0C77-FCD8-4B19-A003-7FF6795777EF}.Debug|Any CPU.Build.0 = Debug|Any CPU
		{4C6D0C77-FCD8-4B19-A003-7FF6795777EF}.Release|Any CPU.ActiveCfg = Release|Any CPU
		{4C6D0C77-FCD8-4B19-A003-7FF6795777EF}.Release|Any CPU.Build.0 = Release|Any CPU
		{5CC35E62-F47A-48DF-A1F0-C23D7075DFC8}.Debug|Any CPU.ActiveCfg = Debug|Any CPU
		{5CC35E62-F47A-48DF-A1F0-C23D7075DFC8}.Debug|Any CPU.Build.0 = Debug|Any CPU
		{5CC35E62-F47A-48DF-A1F0-C23D7075DFC8}.Release|Any CPU.ActiveCfg = Release|Any CPU
		{5CC35E62-F47A-48DF-A1F0-C23D7075DFC8}.Release|Any CPU.Build.0 = Release|Any CPU
	EndGlobalSection
	GlobalSection(SolutionProperties) = preSolution
		HideSolutionNode = FALSE
	EndGlobalSection
	GlobalSection(ExtensibilityGlobals) = postSolution
		SolutionGuid = {A7505DE6-FBFE-47BB-8DA4-8703D8410213}
	EndGlobalSection
EndGlobal
